
Microsoft Visual Studio Solution File, Format Version 12.00
# Visual Studio Version 16
VisualStudioVersion = 16.0.30804.86
MinimumVisualStudioVersion = 10.0.40219.1
Project("{9A19103F-16F7-4668-BE54-9A1E7A4F7556}") = "ATMWeb.API", "ATMWeb.API\ATMWeb.API.csproj", "{77526F4B-70D9-4228-9E2C-151A5CD05FD6}"
EndProject
Project("{9A19103F-16F7-4668-BE54-9A1E7A4F7556}") = "ATMWeb.Domain", "ATMWeb.Domain\ATMWeb.Domain.csproj", "{79271662-5F8B-44AD-B5D9-4E981575CF75}"
EndProject
Project("{9A19103F-16F7-4668-BE54-9A1E7A4F7556}") = "ATMWeb.Persistence", "ATMWeb.Persistence\ATMWeb.Persistence.csproj", "{B0F75B5B-07D7-41C6-BC70-E32726515220}"
EndProject
Project("{9A19103F-16F7-4668-BE54-9A1E7A4F7556}") = "ATMWeb.Application", "ATMWeb.Application\ATMWeb.Application.csproj", "{01A552D4-A631-4A96-89E5-2A1402A4C357}"
EndProject
Global
	GlobalSection(SolutionConfigurationPlatforms) = preSolution
		Debug|Any CPU = Debug|Any CPU
		Release|Any CPU = Release|Any CPU
	EndGlobalSection
	GlobalSection(ProjectConfigurationPlatforms) = postSolution
		{77526F4B-70D9-4228-9E2C-151A5CD05FD6}.Debug|Any CPU.ActiveCfg = Debug|Any CPU
		{77526F4B-70D9-4228-9E2C-151A5CD05FD6}.Debug|Any CPU.Build.0 = Debug|Any CPU
		{77526F4B-70D9-4228-9E2C-151A5CD05FD6}.Release|Any CPU.ActiveCfg = Release|Any CPU
		{77526F4B-70D9-4228-9E2C-151A5CD05FD6}.Release|Any CPU.Build.0 = Release|Any CPU
		{79271662-5F8B-44AD-B5D9-4E981575CF75}.Debug|Any CPU.ActiveCfg = Debug|Any CPU
		{79271662-5F8B-44AD-B5D9-4E981575CF75}.Debug|Any CPU.Build.0 = Debug|Any CPU
		{79271662-5F8B-44AD-B5D9-4E981575CF75}.Release|Any CPU.ActiveCfg = Release|Any CPU
		{79271662-5F8B-44AD-B5D9-4E981575CF75}.Release|Any CPU.Build.0 = Release|Any CPU
		{B0F75B5B-07D7-41C6-BC70-E32726515220}.Debug|Any CPU.ActiveCfg = Debug|Any CPU
		{B0F75B5B-07D7-41C6-BC70-E32726515220}.Debug|Any CPU.Build.0 = Debug|Any CPU
		{B0F75B5B-07D7-41C6-BC70-E32726515220}.Release|Any CPU.ActiveCfg = Release|Any CPU
		{B0F75B5B-07D7-41C6-BC70-E32726515220}.Release|Any CPU.Build.0 = Release|Any CPU
		{01A552D4-A631-4A96-89E5-2A1402A4C357}.Debug|Any CPU.ActiveCfg = Debug|Any CPU
		{01A552D4-A631-4A96-89E5-2A1402A4C357}.Debug|Any CPU.Build.0 = Debug|Any CPU
		{01A552D4-A631-4A96-89E5-2A1402A4C357}.Release|Any CPU.ActiveCfg = Release|Any CPU
		{01A552D4-A631-4A96-89E5-2A1402A4C357}.Release|Any CPU.Build.0 = Release|Any CPU
	EndGlobalSection
	GlobalSection(SolutionProperties) = preSolution
		HideSolutionNode = FALSE
	EndGlobalSection
	GlobalSection(ExtensibilityGlobals) = postSolution
		SolutionGuid = {47254052-F9D7-4397-A8CF-122053B1C97C}
	EndGlobalSection
EndGlobal
